// !$*UTF8*$!
{
	archiveVersion = 1;
	classes = {
	};
	objectVersion = 46;
	objects = {

/* Begin PBXBuildFile section */
		B89E964B1815DC1E00965611 /* Foundation.framework in Frameworks */ = {isa = PBXBuildFile; fileRef = B89E964A1815DC1E00965611 /* Foundation.framework */; };
		B89E964D1815DC1E00965611 /* CoreGraphics.framework in Frameworks */ = {isa = PBXBuildFile; fileRef = B89E964C1815DC1E00965611 /* CoreGraphics.framework */; };
		B89E964F1815DC1E00965611 /* UIKit.framework in Frameworks */ = {isa = PBXBuildFile; fileRef = B89E964E1815DC1E00965611 /* UIKit.framework */; };
		B89E96551815DC1E00965611 /* InfoPlist.strings in Resources */ = {isa = PBXBuildFile; fileRef = B89E96531815DC1E00965611 /* InfoPlist.strings */; };
		B89E96571815DC1E00965611 /* main.m in Sources */ = {isa = PBXBuildFile; fileRef = B89E96561815DC1E00965611 /* main.m */; };
		B89E965B1815DC1E00965611 /* AppDelegate.m in Sources */ = {isa = PBXBuildFile; fileRef = B89E965A1815DC1E00965611 /* AppDelegate.m */; };
		B89E965E1815DC1E00965611 /* Main.storyboard in Resources */ = {isa = PBXBuildFile; fileRef = B89E965C1815DC1E00965611 /* Main.storyboard */; };
		B89E96611815DC1E00965611 /* FirstViewController.m in Sources */ = {isa = PBXBuildFile; fileRef = B89E96601815DC1E00965611 /* FirstViewController.m */; };
		B89E96641815DC1E00965611 /* SecondViewController.m in Sources */ = {isa = PBXBuildFile; fileRef = B89E96631815DC1E00965611 /* SecondViewController.m */; };
		B89E96661815DC1E00965611 /* Images.xcassets in Resources */ = {isa = PBXBuildFile; fileRef = B89E96651815DC1E00965611 /* Images.xcassets */; };
		B89E966D1815DC1E00965611 /* XCTest.framework in Frameworks */ = {isa = PBXBuildFile; fileRef = B89E966C1815DC1E00965611 /* XCTest.framework */; };
		B89E966E1815DC1E00965611 /* Foundation.framework in Frameworks */ = {isa = PBXBuildFile; fileRef = B89E964A1815DC1E00965611 /* Foundation.framework */; };
		B89E966F1815DC1E00965611 /* UIKit.framework in Frameworks */ = {isa = PBXBuildFile; fileRef = B89E964E1815DC1E00965611 /* UIKit.framework */; };
		B89E96771815DC2000965611 /* InfoPlist.strings in Resources */ = {isa = PBXBuildFile; fileRef = B89E96751815DC2000965611 /* InfoPlist.strings */; };
		B89E96791815DC2000965611 /* MUXProject4Tests.m in Sources */ = {isa = PBXBuildFile; fileRef = B89E96781815DC2000965611 /* MUXProject4Tests.m */; };
		B89E968A1815DC6F00965611 /* active.png in Resources */ = {isa = PBXBuildFile; fileRef = B89E96831815DC6F00965611 /* active.png */; };
		B89E968B1815DC6F00965611 /* active@2x.png in Resources */ = {isa = PBXBuildFile; fileRef = B89E96841815DC6F00965611 /* active@2x.png */; };
		B89E968C1815DC6F00965611 /* all.png in Resources */ = {isa = PBXBuildFile; fileRef = B89E96851815DC6F00965611 /* all.png */; };
		B89E968D1815DC6F00965611 /* all@2x.png in Resources */ = {isa = PBXBuildFile; fileRef = B89E96861815DC6F00965611 /* all@2x.png */; };
		B89E968E1815DC6F00965611 /* background.png in Resources */ = {isa = PBXBuildFile; fileRef = B89E96871815DC6F00965611 /* background.png */; };
		B89E968F1815DC6F00965611 /* settings.png in Resources */ = {isa = PBXBuildFile; fileRef = B89E96881815DC6F00965611 /* settings.png */; };
		B89E96901815DC6F00965611 /* settings@2x.png in Resources */ = {isa = PBXBuildFile; fileRef = B89E96891815DC6F00965611 /* settings@2x.png */; };
/* End PBXBuildFile section */

/* Begin PBXContainerItemProxy section */
		B89E96701815DC1E00965611 /* PBXContainerItemProxy */ = {
			isa = PBXContainerItemProxy;
			containerPortal = B89E963F1815DC1E00965611 /* Project object */;
			proxyType = 1;
			remoteGlobalIDString = B89E96461815DC1E00965611;
			remoteInfo = MUXProject4;
		};
/* End PBXContainerItemProxy section */

/* Begin PBXFileReference section */
		B89E96471815DC1E00965611 /* MUXProject4.app */ = {isa = PBXFileReference; explicitFileType = wrapper.application; includeInIndex = 0; path = MUXProject4.app; sourceTree = BUILT_PRODUCTS_DIR; };
		B89E964A1815DC1E00965611 /* Foundation.framework */ = {isa = PBXFileReference; lastKnownFileType = wrapper.framework; name = Foundation.framework; path = System/Library/Frameworks/Foundation.framework; sourceTree = SDKROOT; };
		B89E964C1815DC1E00965611 /* CoreGraphics.framework */ = {isa = PBXFileReference; lastKnownFileType = wrapper.framework; name = CoreGraphics.framework; path = System/Library/Frameworks/CoreGraphics.framework; sourceTree = SDKROOT; };
		B89E964E1815DC1E00965611 /* UIKit.framework */ = {isa = PBXFileReference; lastKnownFileType = wrapper.framework; name = UIKit.framework; path = System/Library/Frameworks/UIKit.framework; sourceTree = SDKROOT; };
		B89E96521815DC1E00965611 /* MUXProject4-Info.plist */ = {isa = PBXFileReference; lastKnownFileType = text.plist.xml; path = "MUXProject4-Info.plist"; sourceTree = "<group>"; };
		B89E96541815DC1E00965611 /* en */ = {isa = PBXFileReference; lastKnownFileType = text.plist.strings; name = en; path = en.lproj/InfoPlist.strings; sourceTree = "<group>"; };
		B89E96561815DC1E00965611 /* main.m */ = {isa = PBXFileReference; lastKnownFileType = sourcecode.c.objc; path = main.m; sourceTree = "<group>"; };
		B89E96581815DC1E00965611 /* MUXProject4-Prefix.pch */ = {isa = PBXFileReference; lastKnownFileType = sourcecode.c.h; path = "MUXProject4-Prefix.pch"; sourceTree = "<group>"; };
		B89E96591815DC1E00965611 /* AppDelegate.h */ = {isa = PBXFileReference; lastKnownFileType = sourcecode.c.h; path = AppDelegate.h; sourceTree = "<group>"; };
		B89E965A1815DC1E00965611 /* AppDelegate.m */ = {isa = PBXFileReference; lastKnownFileType = sourcecode.c.objc; path = AppDelegate.m; sourceTree = "<group>"; };
		B89E965D1815DC1E00965611 /* Base */ = {isa = PBXFileReference; lastKnownFileType = file.storyboard; name = Base; path = Base.lproj/Main.storyboard; sourceTree = "<group>"; };
		B89E965F1815DC1E00965611 /* FirstViewController.h */ = {isa = PBXFileReference; lastKnownFileType = sourcecode.c.h; path = FirstViewController.h; sourceTree = "<group>"; };
		B89E96601815DC1E00965611 /* FirstViewController.m */ = {isa = PBXFileReference; lastKnownFileType = sourcecode.c.objc; path = FirstViewController.m; sourceTree = "<group>"; };
		B89E96621815DC1E00965611 /* SecondViewController.h */ = {isa = PBXFileReference; lastKnownFileType = sourcecode.c.h; path = SecondViewController.h; sourceTree = "<group>"; };
		B89E96631815DC1E00965611 /* SecondViewController.m */ = {isa = PBXFileReference; lastKnownFileType = sourcecode.c.objc; path = SecondViewController.m; sourceTree = "<group>"; };
		B89E96651815DC1E00965611 /* Images.xcassets */ = {isa = PBXFileReference; lastKnownFileType = folder.assetcatalog; path = Images.xcassets; sourceTree = "<group>"; };
		B89E966B1815DC1E00965611 /* MUXProject4Tests.xctest */ = {isa = PBXFileReference; explicitFileType = wrapper.cfbundle; includeInIndex = 0; path = MUXProject4Tests.xctest; sourceTree = BUILT_PRODUCTS_DIR; };
		B89E966C1815DC1E00965611 /* XCTest.framework */ = {isa = PBXFileReference; lastKnownFileType = wrapper.framework; name = XCTest.framework; path = Library/Frameworks/XCTest.framework; sourceTree = DEVELOPER_DIR; };
		B89E96741815DC1F00965611 /* MUXProject4Tests-Info.plist */ = {isa = PBXFileReference; lastKnownFileType = text.plist.xml; path = "MUXProject4Tests-Info.plist"; sourceTree = "<group>"; };
		B89E96761815DC2000965611 /* en */ = {isa = PBXFileReference; lastKnownFileType = text.plist.strings; name = en; path = en.lproj/InfoPlist.strings; sourceTree = "<group>"; };
		B89E96781815DC2000965611 /* MUXProject4Tests.m */ = {isa = PBXFileReference; lastKnownFileType = sourcecode.c.objc; path = MUXProject4Tests.m; sourceTree = "<group>"; };
		B89E96831815DC6F00965611 /* active.png */ = {isa = PBXFileReference; lastKnownFileType = image.png; path = active.png; sourceTree = "<group>"; };
		B89E96841815DC6F00965611 /* active@2x.png */ = {isa = PBXFileReference; lastKnownFileType = image.png; path = "active@2x.png"; sourceTree = "<group>"; };
		B89E96851815DC6F00965611 /* all.png */ = {isa = PBXFileReference; lastKnownFileType = image.png; path = all.png; sourceTree = "<group>"; };
		B89E96861815DC6F00965611 /* all@2x.png */ = {isa = PBXFileReference; lastKnownFileType = image.png; path = "all@2x.png"; sourceTree = "<group>"; };
		B89E96871815DC6F00965611 /* background.png */ = {isa = PBXFileReference; lastKnownFileType = image.png; path = background.png; sourceTree = "<group>"; };
		B89E96881815DC6F00965611 /* settings.png */ = {isa = PBXFileReference; lastKnownFileType = image.png; path = settings.png; sourceTree = "<group>"; };
		B89E96891815DC6F00965611 /* settings@2x.png */ = {isa = PBXFileReference; lastKnownFileType = image.png; path = "settings@2x.png"; sourceTree = "<group>"; };
/* End PBXFileReference section */

/* Begin PBXFrameworksBuildPhase section */
		B89E96441815DC1E00965611 /* Frameworks */ = {
			isa = PBXFrameworksBuildPhase;
			buildActionMask = 2147483647;
			files = (
				B89E964D1815DC1E00965611 /* CoreGraphics.framework in Frameworks */,
				B89E964F1815DC1E00965611 /* UIKit.framework in Frameworks */,
				B89E964B1815DC1E00965611 /* Foundation.framework in Frameworks */,
			);
			runOnlyForDeploymentPostprocessing = 0;
		};
		B89E96681815DC1E00965611 /* Frameworks */ = {
			isa = PBXFrameworksBuildPhase;
			buildActionMask = 2147483647;
			files = (
				B89E966D1815DC1E00965611 /* XCTest.framework in Frameworks */,
				B89E966F1815DC1E00965611 /* UIKit.framework in Frameworks */,
				B89E966E1815DC1E00965611 /* Foundation.framework in Frameworks */,
			);
			runOnlyForDeploymentPostprocessing = 0;
		};
/* End PBXFrameworksBuildPhase section */

/* Begin PBXGroup section */
		B89E963E1815DC1E00965611 = {
			isa = PBXGroup;
			children = (
				B89E96501815DC1E00965611 /* MUXProject4 */,
				B89E96721815DC1E00965611 /* MUXProject4Tests */,
				B89E96491815DC1E00965611 /* Frameworks */,
				B89E96481815DC1E00965611 /* Products */,
			);
			sourceTree = "<group>";
		};
		B89E96481815DC1E00965611 /* Products */ = {
			isa = PBXGroup;
			children = (
				B89E96471815DC1E00965611 /* MUXProject4.app */,
				B89E966B1815DC1E00965611 /* MUXProject4Tests.xctest */,
			);
			name = Products;
			sourceTree = "<group>";
		};
		B89E96491815DC1E00965611 /* Frameworks */ = {
			isa = PBXGroup;
			children = (
				B89E964A1815DC1E00965611 /* Foundation.framework */,
				B89E964C1815DC1E00965611 /* CoreGraphics.framework */,
				B89E964E1815DC1E00965611 /* UIKit.framework */,
				B89E966C1815DC1E00965611 /* XCTest.framework */,
			);
			name = Frameworks;
			sourceTree = "<group>";
		};
		B89E96501815DC1E00965611 /* MUXProject4 */ = {
			isa = PBXGroup;
			children = (
				B89E96821815DC6F00965611 /* images */,
				B89E96591815DC1E00965611 /* AppDelegate.h */,
				B89E965A1815DC1E00965611 /* AppDelegate.m */,
				B89E965C1815DC1E00965611 /* Main.storyboard */,
				B89E965F1815DC1E00965611 /* FirstViewController.h */,
				B89E96601815DC1E00965611 /* FirstViewController.m */,
				B89E96621815DC1E00965611 /* SecondViewController.h */,
				B89E96631815DC1E00965611 /* SecondViewController.m */,
				B89E96651815DC1E00965611 /* Images.xcassets */,
				B89E96511815DC1E00965611 /* Supporting Files */,
			);
			path = MUXProject4;
			sourceTree = "<group>";
		};
		B89E96511815DC1E00965611 /* Supporting Files */ = {
			isa = PBXGroup;
			children = (
				B89E96521815DC1E00965611 /* MUXProject4-Info.plist */,
				B89E96531815DC1E00965611 /* InfoPlist.strings */,
				B89E96561815DC1E00965611 /* main.m */,
				B89E96581815DC1E00965611 /* MUXProject4-Prefix.pch */,
			);
			name = "Supporting Files";
			sourceTree = "<group>";
		};
		B89E96721815DC1E00965611 /* MUXProject4Tests */ = {
			isa = PBXGroup;
			children = (
				B89E96781815DC2000965611 /* MUXProject4Tests.m */,
				B89E96731815DC1F00965611 /* Supporting Files */,
			);
			path = MUXProject4Tests;
			sourceTree = "<group>";
		};
		B89E96731815DC1F00965611 /* Supporting Files */ = {
			isa = PBXGroup;
			children = (
				B89E96741815DC1F00965611 /* MUXProject4Tests-Info.plist */,
				B89E96751815DC2000965611 /* InfoPlist.strings */,
			);
			name = "Supporting Files";
			sourceTree = "<group>";
		};
		B89E96821815DC6F00965611 /* images */ = {
			isa = PBXGroup;
			children = (
				B89E96831815DC6F00965611 /* active.png */,
				B89E96841815DC6F00965611 /* active@2x.png */,
				B89E96851815DC6F00965611 /* all.png */,
				B89E96861815DC6F00965611 /* all@2x.png */,
				B89E96871815DC6F00965611 /* background.png */,
				B89E96881815DC6F00965611 /* settings.png */,
				B89E96891815DC6F00965611 /* settings@2x.png */,
			);
			path = images;
			sourceTree = "<group>";
		};
/* End PBXGroup section */

/* Begin PBXNativeTarget section */
		B89E96461815DC1E00965611 /* MUXProject4 */ = {
			isa = PBXNativeTarget;
			buildConfigurationList = B89E967C1815DC2000965611 /* Build configuration list for PBXNativeTarget "MUXProject4" */;
			buildPhases = (
				B89E96431815DC1E00965611 /* Sources */,
				B89E96441815DC1E00965611 /* Frameworks */,
				B89E96451815DC1E00965611 /* Resources */,
			);
			buildRules = (
			);
			dependencies = (
			);
			name = MUXProject4;
			productName = MUXProject4;
			productReference = B89E96471815DC1E00965611 /* MUXProject4.app */;
			productType = "com.apple.product-type.application";
		};
		B89E966A1815DC1E00965611 /* MUXProject4Tests */ = {
			isa = PBXNativeTarget;
			buildConfigurationList = B89E967F1815DC2000965611 /* Build configuration list for PBXNativeTarget "MUXProject4Tests" */;
			buildPhases = (
				B89E96671815DC1E00965611 /* Sources */,
				B89E96681815DC1E00965611 /* Frameworks */,
				B89E96691815DC1E00965611 /* Resources */,
			);
			buildRules = (
			);
			dependencies = (
				B89E96711815DC1E00965611 /* PBXTargetDependency */,
			);
			name = MUXProject4Tests;
			productName = MUXProject4Tests;
			productReference = B89E966B1815DC1E00965611 /* MUXProject4Tests.xctest */;
			productType = "com.apple.product-type.bundle.unit-test";
		};
/* End PBXNativeTarget section */

/* Begin PBXProject section */
		B89E963F1815DC1E00965611 /* Project object */ = {
			isa = PBXProject;
			attributes = {
				LastUpgradeCheck = 0500;
				ORGANIZATIONNAME = "Elijah Freestone";
				TargetAttributes = {
					B89E966A1815DC1E00965611 = {
						TestTargetID = B89E96461815DC1E00965611;
					};
				};
			};
			buildConfigurationList = B89E96421815DC1E00965611 /* Build configuration list for PBXProject "MUXProject4" */;
			compatibilityVersion = "Xcode 3.2";
			developmentRegion = English;
			hasScannedForEncodings = 0;
			knownRegions = (
				en,
				Base,
			);
			mainGroup = B89E963E1815DC1E00965611;
			productRefGroup = B89E96481815DC1E00965611 /* Products */;
			projectDirPath = "";
			projectRoot = "";
			targets = (
				B89E96461815DC1E00965611 /* MUXProject4 */,
				B89E966A1815DC1E00965611 /* MUXProject4Tests */,
			);
		};
/* End PBXProject section */

/* Begin PBXResourcesBuildPhase section */
		B89E96451815DC1E00965611 /* Resources */ = {
			isa = PBXResourcesBuildPhase;
			buildActionMask = 2147483647;
			files = (
				B89E96661815DC1E00965611 /* Images.xcassets in Resources */,
				B89E968E1815DC6F00965611 /* background.png in Resources */,
				B89E968B1815DC6F00965611 /* active@2x.png in Resources */,
				B89E968D1815DC6F00965611 /* all@2x.png in Resources */,
				B89E968A1815DC6F00965611 /* active.png in Resources */,
				B89E96901815DC6F00965611 /* settings@2x.png in Resources */,
				B89E968C1815DC6F00965611 /* all.png in Resources */,
				B89E968F1815DC6F00965611 /* settings.png in Resources */,
				B89E96551815DC1E00965611 /* InfoPlist.strings in Resources */,
				B89E965E1815DC1E00965611 /* Main.storyboard in Resources */,
			);
			runOnlyForDeploymentPostprocessing = 0;
		};
		B89E96691815DC1E00965611 /* Resources */ = {
			isa = PBXResourcesBuildPhase;
			buildActionMask = 2147483647;
			files = (
				B89E96771815DC2000965611 /* InfoPlist.strings in Resources */,
			);
			runOnlyForDeploymentPostprocessing = 0;
		};
/* End PBXResourcesBuildPhase section */

/* Begin PBXSourcesBuildPhase section */
		B89E96431815DC1E00965611 /* Sources */ = {
			isa = PBXSourcesBuildPhase;
			buildActionMask = 2147483647;
			files = (
				B89E96641815DC1E00965611 /* SecondViewController.m in Sources */,
				B89E965B1815DC1E00965611 /* AppDelegate.m in Sources */,
				B89E96611815DC1E00965611 /* FirstViewController.m in Sources */,
				B89E96571815DC1E00965611 /* main.m in Sources */,
			);
			runOnlyForDeploymentPostprocessing = 0;
		};
		B89E96671815DC1E00965611 /* Sources */ = {
			isa = PBXSourcesBuildPhase;
			buildActionMask = 2147483647;
			files = (
				B89E96791815DC2000965611 /* MUXProject4Tests.m in Sources */,
			);
			runOnlyForDeploymentPostprocessing = 0;
		};
/* End PBXSourcesBuildPhase section */

/* Begin PBXTargetDependency section */
		B89E96711815DC1E00965611 /* PBXTargetDependency */ = {
			isa = PBXTargetDependency;
			target = B89E96461815DC1E00965611 /* MUXProject4 */;
			targetProxy = B89E96701815DC1E00965611 /* PBXContainerItemProxy */;
		};
/* End PBXTargetDependency section */

/* Begin PBXVariantGroup section */
		B89E96531815DC1E00965611 /* InfoPlist.strings */ = {
			isa = PBXVariantGroup;
			children = (
				B89E96541815DC1E00965611 /* en */,
			);
			name = InfoPlist.strings;
			sourceTree = "<group>";
		};
		B89E965C1815DC1E00965611 /* Main.storyboard */ = {
			isa = PBXVariantGroup;
			children = (
				B89E965D1815DC1E00965611 /* Base */,
			);
			name = Main.storyboard;
			sourceTree = "<group>";
		};
		B89E96751815DC2000965611 /* InfoPlist.strings */ = {
			isa = PBXVariantGroup;
			children = (
				B89E96761815DC2000965611 /* en */,
			);
			name = InfoPlist.strings;
			sourceTree = "<group>";
		};
/* End PBXVariantGroup section */

/* Begin XCBuildConfiguration section */
		B89E967A1815DC2000965611 /* Debug */ = {
			isa = XCBuildConfiguration;
			buildSettings = {
				ALWAYS_SEARCH_USER_PATHS = NO;
				ARCHS = "$(ARCHS_STANDARD_INCLUDING_64_BIT)";
				CLANG_CXX_LANGUAGE_STANDARD = "gnu++0x";
				CLANG_CXX_LIBRARY = "libc++";
				CLANG_ENABLE_MODULES = YES;
				CLANG_ENABLE_OBJC_ARC = YES;
				CLANG_WARN_BOOL_CONVERSION = YES;
				CLANG_WARN_CONSTANT_CONVERSION = YES;
				CLANG_WARN_DIRECT_OBJC_ISA_USAGE = YES_ERROR;
				CLANG_WARN_EMPTY_BODY = YES;
				CLANG_WARN_ENUM_CONVERSION = YES;
				CLANG_WARN_INT_CONVERSION = YES;
				CLANG_WARN_OBJC_ROOT_CLASS = YES_ERROR;
				CLANG_WARN__DUPLICATE_METHOD_MATCH = YES;
				"CODE_SIGN_IDENTITY[sdk=iphoneos*]" = "iPhone Developer";
				COPY_PHASE_STRIP = NO;
				GCC_C_LANGUAGE_STANDARD = gnu99;
				GCC_DYNAMIC_NO_PIC = NO;
				GCC_OPTIMIZATION_LEVEL = 0;
				GCC_PREPROCESSOR_DEFINITIONS = (
					"DEBUG=1",
					"$(inherited)",
				);
				GCC_SYMBOLS_PRIVATE_EXTERN = NO;
				GCC_WARN_64_TO_32_BIT_CONVERSION = YES;
				GCC_WARN_ABOUT_RETURN_TYPE = YES_ERROR;
				GCC_WARN_UNDECLARED_SELECTOR = YES;
				GCC_WARN_UNINITIALIZED_AUTOS = YES;
				GCC_WARN_UNUSED_FUNCTION = YES;
				GCC_WARN_UNUSED_VARIABLE = YES;
				IPHONEOS_DEPLOYMENT_TARGET = 7.0;
				ONLY_ACTIVE_ARCH = YES;
				SDKROOT = iphoneos;
			};
			name = Debug;
		};
		B89E967B1815DC2000965611 /* Release */ = {
			isa = XCBuildConfiguration;
			buildSettings = {
				ALWAYS_SEARCH_USER_PATHS = NO;
				ARCHS = "$(ARCHS_STANDARD_INCLUDING_64_BIT)";
				CLANG_CXX_LANGUAGE_STANDARD = "gnu++0x";
				CLANG_CXX_LIBRARY = "libc++";
				CLANG_ENABLE_MODULES = YES;
				CLANG_ENABLE_OBJC_ARC = YES;
				CLANG_WARN_BOOL_CONVERSION = YES;
				CLANG_WARN_CONSTANT_CONVERSION = YES;
				CLANG_WARN_DIRECT_OBJC_ISA_USAGE = YES_ERROR;
				CLANG_WARN_EMPTY_BODY = YES;
				CLANG_WARN_ENUM_CONVERSION = YES;
				CLANG_WARN_INT_CONVERSION = YES;
				CLANG_WARN_OBJC_ROOT_CLASS = YES_ERROR;
				CLANG_WARN__DUPLICATE_METHOD_MATCH = YES;
				"CODE_SIGN_IDENTITY[sdk=iphoneos*]" = "iPhone Developer";
				COPY_PHASE_STRIP = YES;
				ENABLE_NS_ASSERTIONS = NO;
				GCC_C_LANGUAGE_STANDARD = gnu99;
				GCC_WARN_64_TO_32_BIT_CONVERSION = YES;
				GCC_WARN_ABOUT_RETURN_TYPE = YES_ERROR;
				GCC_WARN_UNDECLARED_SELECTOR = YES;
				GCC_WARN_UNINITIALIZED_AUTOS = YES;
				GCC_WARN_UNUSED_FUNCTION = YES;
				GCC_WARN_UNUSED_VARIABLE = YES;
				IPHONEOS_DEPLOYMENT_TARGET = 7.0;
				SDKROOT = iphoneos;
				VALIDATE_PRODUCT = YES;
			};
			name = Release;
		};
		B89E967D1815DC2000965611 /* Debug */ = {
			isa = XCBuildConfiguration;
			buildSettings = {
				ASSETCATALOG_COMPILER_APPICON_NAME = AppIcon;
				ASSETCATALOG_COMPILER_LAUNCHIMAGE_NAME = LaunchImage;
				GCC_PRECOMPILE_PREFIX_HEADER = YES;
				GCC_PREFIX_HEADER = "MUXProject4/MUXProject4-Prefix.pch";
				INFOPLIST_FILE = "MUXProject4/MUXProject4-Info.plist";
				PRODUCT_NAME = "$(TARGET_NAME)";
				WRAPPER_EXTENSION = app;
			};
			name = Debug;
		};
		B89E967E1815DC2000965611 /* Release */ = {
			isa = XCBuildConfiguration;
			buildSettings = {
				ASSETCATALOG_COMPILER_APPICON_NAME = AppIcon;
				ASSETCATALOG_COMPILER_LAUNCHIMAGE_NAME = LaunchImage;
				GCC_PRECOMPILE_PREFIX_HEADER = YES;
				GCC_PREFIX_HEADER = "MUXProject4/MUXProject4-Prefix.pch";
				INFOPLIST_FILE = "MUXProject4/MUXProject4-Info.plist";
				PRODUCT_NAME = "$(TARGET_NAME)";
				WRAPPER_EXTENSION = app;
			};
			name = Release;
		};
		B89E96801815DC2000965611 /* Debug */ = {
			isa = XCBuildConfiguration;
			buildSettings = {
				ARCHS = "$(ARCHS_STANDARD_INCLUDING_64_BIT)";
				BUNDLE_LOADER = "$(BUILT_PRODUCTS_DIR)/MUXProject4.app/MUXProject4";
				FRAMEWORK_SEARCH_PATHS = (
					"$(SDKROOT)/Developer/Library/Frameworks",
					"$(inherited)",
					"$(DEVELOPER_FRAMEWORKS_DIR)",
				);
				GCC_PRECOMPILE_PREFIX_HEADER = YES;
				GCC_PREFIX_HEADER = "MUXProject4/MUXProject4-Prefix.pch";
				GCC_PREPROCESSOR_DEFINITIONS = (
					"DEBUG=1",
					"$(inherited)",
				);
				INFOPLIST_FILE = "MUXProject4Tests/MUXProject4Tests-Info.plist";
				PRODUCT_NAME = "$(TARGET_NAME)";
				TEST_HOST = "$(BUNDLE_LOADER)";
				WRAPPER_EXTENSION = xctest;
			};
			name = Debug;
		};
		B89E96811815DC2000965611 /* Release */ = {
			isa = XCBuildConfiguration;
			buildSettings = {
				ARCHS = "$(ARCHS_STANDARD_INCLUDING_64_BIT)";
				BUNDLE_LOADER = "$(BUILT_PRODUCTS_DIR)/MUXProject4.app/MUXProject4";
				FRAMEWORK_SEARCH_PATHS = (
					"$(SDKROOT)/Developer/Library/Frameworks",
					"$(inherited)",
					"$(DEVELOPER_FRAMEWORKS_DIR)",
				);
				GCC_PRECOMPILE_PREFIX_HEADER = YES;
				GCC_PREFIX_HEADER = "MUXProject4/MUXProject4-Prefix.pch";
				INFOPLIST_FILE = "MUXProject4Tests/MUXProject4Tests-Info.plist";
				PRODUCT_NAME = "$(TARGET_NAME)";
				TEST_HOST = "$(BUNDLE_LOADER)";
				WRAPPER_EXTENSION = xctest;
			};
			name = Release;
		};
/* End XCBuildConfiguration section */

/* Begin XCConfigurationList section */
		B89E96421815DC1E00965611 /* Build configuration list for PBXProject "MUXProject4" */ = {
			isa = XCConfigurationList;
			buildConfigurations = (
				B89E967A1815DC2000965611 /* Debug */,
				B89E967B1815DC2000965611 /* Release */,
			);
			defaultConfigurationIsVisible = 0;
			defaultConfigurationName = Release;
		};
		B89E967C1815DC2000965611 /* Build configuration list for PBXNativeTarget "MUXProject4" */ = {
			isa = XCConfigurationList;
			buildConfigurations = (
				B89E967D1815DC2000965611 /* Debug */,
				B89E967E1815DC2000965611 /* Release */,
			);
			defaultConfigurationIsVisible = 0;
		};
		B89E967F1815DC2000965611 /* Build configuration list for PBXNativeTarget "MUXProject4Tests" */ = {
			isa = XCConfigurationList;
			buildConfigurations = (
				B89E96801815DC2000965611 /* Debug */,
				B89E96811815DC2000965611 /* Release */,
			);
			defaultConfigurationIsVisible = 0;
		};
/* End XCConfigurationList section */
	};
	rootObject = B89E963F1815DC1E00965611 /* Project object */;
}
